{
  "object": {
    "pins": [
      {
        "package": "WImage",
        "repositoryURL": "https://github.com/ilyasorokindev/WImage",
        "state": {
          "branch": "master",
          "revision": "ebb7eb83904926927ceea2d3308965b1cee55d90",
          "version": null
        }
      }
    ]
  },
  "version": 1
}
